
Microsoft Visual Studio Solution File, Format Version 12.00
# Visual Studio Version 16
VisualStudioVersion = 16.0.29306.81
MinimumVisualStudioVersion = 10.0.40219.1
Project("{FAE04EC0-301F-11D3-BF4B-00C04F79EFBC}") = "InRomCollections", "InRomCollections\InRomCollections.csproj", "{4B4FF0A6-FD6B-4BB4-9E0F-FF0364E03A96}"
EndProject
Project("{FAE04EC0-301F-11D3-BF4B-00C04F79EFBC}") = "InRomCollections.Test", "InRomCollections.Test\InRomCollections.Test.csproj", "{896F6C02-CDAA-4F35-8203-85B45CDE8A12}"
EndProject
Global
	GlobalSection(SolutionConfigurationPlatforms) = preSolution
		Debug|Any CPU = Debug|Any CPU
		Release|Any CPU = Release|Any CPU
	EndGlobalSection
	GlobalSection(ProjectConfigurationPlatforms) = postSolution
		{4B4FF0A6-FD6B-4BB4-9E0F-FF0364E03A96}.Debug|Any CPU.ActiveCfg = Debug|Any CPU
		{4B4FF0A6-FD6B-4BB4-9E0F-FF0364E03A96}.Debug|Any CPU.Build.0 = Debug|Any CPU
		{4B4FF0A6-FD6B-4BB4-9E0F-FF0364E03A96}.Release|Any CPU.ActiveCfg = Release|Any CPU
		{4B4FF0A6-FD6B-4BB4-9E0F-FF0364E03A96}.Release|Any CPU.Build.0 = Release|Any CPU
		{896F6C02-CDAA-4F35-8203-85B45CDE8A12}.Debug|Any CPU.ActiveCfg = Debug|Any CPU
		{896F6C02-CDAA-4F35-8203-85B45CDE8A12}.Debug|Any CPU.Build.0 = Debug|Any CPU
		{896F6C02-CDAA-4F35-8203-85B45CDE8A12}.Release|Any CPU.ActiveCfg = Release|Any CPU
		{896F6C02-CDAA-4F35-8203-85B45CDE8A12}.Release|Any CPU.Build.0 = Release|Any CPU
	EndGlobalSection
	GlobalSection(SolutionProperties) = preSolution
		HideSolutionNode = FALSE
	EndGlobalSection
	GlobalSection(ExtensibilityGlobals) = postSolution
		SolutionGuid = {FBA2EB86-014A-4EB7-BF78-F5702C28E8B4}
	EndGlobalSection
EndGlobal
